dependencies:
- name: pangea-operator
  repository: file://../pangea-operator
  version: 0.8.15
- name: pleme-reconciler
  repository: file://../pleme-reconciler
  version: 0.1.0
- name: pleme-lib
  repository: file://../pleme-lib
  version: 0.15.0
digest: sha256:676cdea67510a5d3d9ecf2269b9d33b78284e1256ae1c32c722ee543973e7c67
generated: "2026-05-18T18:38:59.738882-07:00"
