dependencies:
- name: lareira-openclaw-pki
  repository: file://../lareira-openclaw-pki
  version: 0.1.0
- name: lareira-cartorio
  repository: file://../lareira-cartorio
  version: 0.2.0
- name: lareira-openclaw-store
  repository: file://../lareira-openclaw-store
  version: 0.1.0
- name: lareira-openclaw-scanner
  repository: file://../lareira-openclaw-scanner
  version: 0.1.0
digest: sha256:fe33a02852905a8c96906dc74d5b56fbcc93c2c29cda0b22ffdd19146f8df34c
generated: "2026-05-03T12:09:52.696957-04:00"
