dependencies:
- name: lareira-openclaw-pki
  repository: file://../lareira-openclaw-pki
  version: 0.1.0
- name: lareira-cartorio
  repository: file://../lareira-cartorio
  version: 0.4.1
- name: lareira-lacre
  repository: file://../lareira-lacre
  version: 0.1.1
- name: lareira-openclaw-store
  repository: file://../lareira-openclaw-store
  version: 0.1.0
- name: lareira-openclaw-scanner
  repository: file://../lareira-openclaw-scanner
  version: 0.1.0
- name: pleme-zot
  repository: file://../pleme-zot
  version: 0.1.2
digest: sha256:205db054c3e0224e93c5bcb450533fec4f5137e857d43d50eaec5c79633ded5f
generated: "2026-05-07T22:15:23.436234-04:00"
