dependencies:
- name: lareira-openclaw-pki
  repository: file://../lareira-openclaw-pki
  version: 0.1.0
- name: lareira-cartorio
  repository: file://../lareira-cartorio
  version: 0.4.0
- name: lareira-lacre
  repository: file://../lareira-lacre
  version: 0.1.0
- name: lareira-openclaw-store
  repository: file://../lareira-openclaw-store
  version: 0.1.0
- name: lareira-openclaw-scanner
  repository: file://../lareira-openclaw-scanner
  version: 0.1.0
- name: pleme-zot
  repository: file://../pleme-zot
  version: 0.1.0
digest: sha256:88d06d277bb89291473ee4f9848c60951942da5ee534cad279763601f8ed9d95
generated: "2026-05-06T17:56:50.047849-04:00"
