dependencies:
- name: pleme-lib
  repository: file://../pleme-lib
  version: 0.5.0
- name: trivy-operator
  repository: https://aquasecurity.github.io/helm-charts/
  version: 0.32.1
digest: sha256:539a2d509a58379f46531d528369f267abaca004e0495d41761066bb5a5de867
generated: "2026-04-25T21:18:09.939419-04:00"
