dependencies:
- name: pleme-lib
  repository: file://../pleme-lib
  version: 0.5.0
- name: ingress-nginx
  repository: https://kubernetes.github.io/ingress-nginx
  version: 4.13.0
digest: sha256:9480030bc3cc530603b8a7c15581109ef2847ef3f13aa97898eb0672d3f16297
generated: "2026-04-25T21:12:31.802382-04:00"
