dependencies:
- name: pleme-lib
  repository: file://../pleme-lib
  version: 0.27.0
- name: victoria-metrics-k8s-stack
  repository: https://victoriametrics.github.io/helm-charts/
  version: 0.39.0
digest: sha256:423bbcfc1a219d9abe2caae3f5e5415487043f238850317bf867c4844baffaa6
generated: "2026-06-14T21:50:59.084869-04:00"
