dependencies:
- name: pleme-lib
  repository: file://../pleme-lib
  version: 0.27.0
- name: victoria-logs-single
  repository: https://victoriametrics.github.io/helm-charts/
  version: 0.12.2
digest: sha256:49f6f284c7cdc5e96627e4e022c77503c73a20732b8fa3d9a3f932ff553ca135
generated: "2026-06-14T21:51:45.451774-04:00"
