dependencies:
- name: pleme-lib
  repository: file://../pleme-lib
  version: 0.15.0
- name: policy-controller
  repository: https://sigstore.github.io/helm-charts
  version: 0.10.0
digest: sha256:365e5585ad3729f6387775240b6dfeb94bf7a7acde56e0d92833bafd3bdf12c7
generated: "2026-05-25T23:56:19.564318-04:00"
