dependencies:
- name: pleme-lib
  repository: file://../pleme-lib
  version: 0.6.1
- name: gha-runner-scale-set
  repository: oci://ghcr.io/actions/actions-runner-controller-charts
  version: 0.12.1
digest: sha256:c1088cd6d51ba812da9a5380f579b7b1862e8625ba32dc234539bcfc666ff152
generated: "2026-04-27T18:12:54.171759-04:00"
