dependencies:
- name: pleme-lib
  repository: file://../pleme-lib
  version: 0.10.0
- name: gha-runner-scale-set-controller
  repository: oci://ghcr.io/actions/actions-runner-controller-charts
  version: 0.12.1
digest: sha256:31fef33b34b570995155ad6ca12d31589767696f4cf3e3ce285544470482e402
generated: "2026-04-27T21:12:25.090343-04:00"
