dependencies:
- name: pleme-lib
  repository: file://../pleme-lib
  version: 0.6.0
- name: kubescape-operator
  repository: https://kubescape.github.io/helm-charts/
  version: 1.27.6
digest: sha256:56038359e23b2d911a458d8a8e960cc8d475133fe0ce9de445562d6d696ba4dc
generated: "2026-04-27T17:55:36.184445-04:00"
