dependencies:
- name: pleme-lib
  repository: file://../pleme-lib
  version: 0.15.0
- name: kubescape-operator
  repository: https://kubescape.github.io/helm-charts/
  version: 1.27.6
digest: sha256:d9a70db535bbc03bb6cad4f649cdfa010a39218e9c486c4f019f31f1bd452603
generated: "2026-05-25T23:55:23.391478-04:00"
