dependencies:
- name: pleme-lib
  repository: file://../pleme-lib
  version: 0.6.0
- name: keda-add-ons-http
  repository: https://kedacore.github.io/charts
  version: 0.10.0
digest: sha256:ae53342767c06a9bb3344f32fabd042d75eb318ccf145e53a5b64b329c6ca5dd
generated: "2026-04-27T17:55:24.779905-04:00"
